{
  "nodes": {
    "home-manager": {
      "inputs": {
        "nixpkgs": [
          "stable"
        ]
      },
      "locked": {
        "lastModified": 1650784624,
        "narHash": "sha256-RTYGFBlxEmhhLLH9UfObyz2d4alhCSf6NQpyID7Mqvg=",
        "owner": "nix-community",
        "repo": "home-manager",
        "rev": "65a32578d9b1394bea5c6336721ec392aadc89fb",
        "type": "github"
      },
      "original": {
        "owner": "nix-community",
        "repo": "home-manager",
        "type": "github"
      }
    },
    "nixlib": {
      "locked": {
        "lastModified": 1636849918,
        "narHash": "sha256-nzUK6dPcTmNVrgTAC1EOybSMsrcx+QrVPyqRdyKLkjA=",
        "owner": "nix-community",
        "repo": "nixpkgs.lib",
        "rev": "28a5b0557f14124608db68d3ee1f77e9329e9dd5",
        "type": "github"
      },
      "original": {
        "owner": "nix-community",
        "repo": "nixpkgs.lib",
        "type": "github"
      }
    },
    "nixos-generators": {
      "inputs": {
        "nixlib": "nixlib",
        "nixpkgs": [
          "stable"
        ]
      },
      "locked": {
        "lastModified": 1650388175,
        "narHash": "sha256-auVEdcVtIIuBnoygUXedJewfmsf/2gSMwCrAcq/QNhM=",
        "owner": "nix-community",
        "repo": "nixos-generators",
        "rev": "b0326ae4f0761b9b482b8472975b3a8e86940ce2",
        "type": "github"
      },
      "original": {
        "owner": "nix-community",
        "repo": "nixos-generators",
        "type": "github"
      }
    },
    "nixos-hardware": {
      "locked": {
        "lastModified": 1650522846,
        "narHash": "sha256-SxWHXRI3qJwswyXAtzsi6PKVY3KLNNnb072KaJthII8=",
        "owner": "nixos",
        "repo": "nixos-hardware",
        "rev": "6b4ebea9093c997c5f275c820e679108de4871ab",
        "type": "github"
      },
      "original": {
        "owner": "nixos",
        "repo": "nixos-hardware",
        "type": "github"
      }
    },
    "root": {
      "inputs": {
        "home-manager": "home-manager",
        "nixos-generators": "nixos-generators",
        "nixos-hardware": "nixos-hardware",
        "stable": "stable",
        "unstable": "unstable"
      }
    },
    "stable": {
      "locked": {
        "lastModified": 1650728030,
        "narHash": "sha256-VfCYsC/0mZQlQqsXf5o5Cib1ncJQ5l7WHN7hEIMmZNw=",
        "owner": "NixOS",
        "repo": "nixpkgs",
        "rev": "5fb3a179605141bfa4c9c423f9b1c33658b059c8",
        "type": "github"
      },
      "original": {
        "id": "nixpkgs",
        "ref": "nixos-21.11",
        "type": "indirect"
      }
    },
    "unstable": {
      "locked": {
        "lastModified": 1650701402,
        "narHash": "sha256-XKfstdtqDg+O+gNBx1yGVKWIhLgfEDg/e2lvJSsp9vU=",
        "owner": "NixOS",
        "repo": "nixpkgs",
        "rev": "bc41b01dd7a9fdffd32d9b03806798797532a5fe",
        "type": "github"
      },
      "original": {
        "id": "nixpkgs",
        "ref": "nixos-unstable",
        "type": "indirect"
      }
    }
  },
  "root": "root",
  "version": 7
}
