{
  "nodes": {
    "hardware": {
      "locked": {
        "lastModified": 1656353817,
        "narHash": "sha256-UJEzMQcft/0Ilu4LWV7UH51mr5UCo28GL06BGO+djv4=",
        "owner": "nixos",
        "repo": "nixos-hardware",
        "rev": "78e7c2c397b0376526e83162b58de921362e3399",
        "type": "github"
      },
      "original": {
        "owner": "nixos",
        "repo": "nixos-hardware",
        "type": "github"
      }
    },
    "nix-filter": {
      "locked": {
        "lastModified": 1653590866,
        "narHash": "sha256-E4yKIrt/S//WfW5D9IhQ1dVuaAy8RE7EiCMfnbrOC78=",
        "owner": "numtide",
        "repo": "nix-filter",
        "rev": "3e81a637cdf9f6e9b39aeb4d6e6394d1ad158e16",
        "type": "github"
      },
      "original": {
        "owner": "numtide",
        "repo": "nix-filter",
        "type": "github"
      }
    },
    "nixpkgs": {
      "locked": {
        "lastModified": 1656265786,
        "narHash": "sha256-A9RkoGrxzsmMm0vily18p92Rasb+MbdDMaSnzmywXKw=",
        "owner": "NixOS",
        "repo": "nixpkgs",
        "rev": "cd90e773eae83ba7733d2377b6cdf84d45558780",
        "type": "github"
      },
      "original": {
        "id": "nixpkgs",
        "ref": "nixos-22.05",
        "type": "indirect"
      }
    },
    "root": {
      "inputs": {
        "hardware": "hardware",
        "nix-filter": "nix-filter",
        "nixpkgs": "nixpkgs",
        "templates": "templates",
        "utils": "utils"
      }
    },
    "templates": {
      "locked": {
        "lastModified": 1649246137,
        "narHash": "sha256-cbAjf3JPoHlJD5Ayoj1sd1Gz1EZMHrFnZWIxbSGslmU=",
        "owner": "nixos",
        "repo": "templates",
        "rev": "2f86534428917d96d414964c69a5cfe353500ad5",
        "type": "github"
      },
      "original": {
        "owner": "nixos",
        "repo": "templates",
        "type": "github"
      }
    },
    "utils": {
      "locked": {
        "lastModified": 1656065134,
        "narHash": "sha256-oc6E6ByIw3oJaIyc67maaFcnjYOz1mMcOtHxbEf9NwQ=",
        "owner": "numtide",
        "repo": "flake-utils",
        "rev": "bee6a7250dd1b01844a2de7e02e4df7d8a0a206c",
        "type": "github"
      },
      "original": {
        "owner": "numtide",
        "repo": "flake-utils",
        "type": "github"
      }
    }
  },
  "root": "root",
  "version": 7
}
